
Microsoft Visual Studio Solution File, Format Version 12.00
# Visual Studio Version 17
VisualStudioVersion = 17.0.31903.59
MinimumVisualStudioVersion = 10.0.40219.1
Project("{2150E333-8FDC-42A3-9474-1A3956D46DE8}") = "src", "src", "{D6BB768D-FC1B-4548-9FE4-C27ACE634DB4}"
EndProject
Project("{FAE04EC0-301F-11D3-BF4B-00C04F79EFBC}") = "AiGmailLabeler.Console", "src\AiGmailLabeler.Console\AiGmailLabeler.Console.csproj", "{573A56A4-9690-4926-9D88-EBE0FF862065}"
EndProject
Project("{FAE04EC0-301F-11D3-BF4B-00C04F79EFBC}") = "AiGmailLabeler.Core", "src\AiGmailLabeler.Core\AiGmailLabeler.Core.csproj", "{FACD1D49-C3E7-4C21-9731-C9764FB93FD1}"
EndProject
Project("{2150E333-8FDC-42A3-9474-1A3956D46DE8}") = "tests", "tests", "{238FC96B-CE46-4D86-827F-04542F42CF80}"
EndProject
Project("{FAE04EC0-301F-11D3-BF4B-00C04F79EFBC}") = "AiGmailLabeler.Tests", "tests\AiGmailLabeler.Tests\AiGmailLabeler.Tests.csproj", "{C92736B8-0980-4AE6-B0D0-67BFC9BD1C32}"
EndProject
Global
	GlobalSection(SolutionConfigurationPlatforms) = preSolution
		Debug|Any CPU = Debug|Any CPU
		Release|Any CPU = Release|Any CPU
	EndGlobalSection
	GlobalSection(SolutionProperties) = preSolution
		HideSolutionNode = FALSE
	EndGlobalSection
	GlobalSection(ProjectConfigurationPlatforms) = postSolution
		{573A56A4-9690-4926-9D88-EBE0FF862065}.Debug|Any CPU.ActiveCfg = Debug|Any CPU
		{573A56A4-9690-4926-9D88-EBE0FF862065}.Debug|Any CPU.Build.0 = Debug|Any CPU
		{573A56A4-9690-4926-9D88-EBE0FF862065}.Release|Any CPU.ActiveCfg = Release|Any CPU
		{573A56A4-9690-4926-9D88-EBE0FF862065}.Release|Any CPU.Build.0 = Release|Any CPU
		{FACD1D49-C3E7-4C21-9731-C9764FB93FD1}.Debug|Any CPU.ActiveCfg = Debug|Any CPU
		{FACD1D49-C3E7-4C21-9731-C9764FB93FD1}.Debug|Any CPU.Build.0 = Debug|Any CPU
		{FACD1D49-C3E7-4C21-9731-C9764FB93FD1}.Release|Any CPU.ActiveCfg = Release|Any CPU
		{FACD1D49-C3E7-4C21-9731-C9764FB93FD1}.Release|Any CPU.Build.0 = Release|Any CPU
		{C92736B8-0980-4AE6-B0D0-67BFC9BD1C32}.Debug|Any CPU.ActiveCfg = Debug|Any CPU
		{C92736B8-0980-4AE6-B0D0-67BFC9BD1C32}.Debug|Any CPU.Build.0 = Debug|Any CPU
		{C92736B8-0980-4AE6-B0D0-67BFC9BD1C32}.Release|Any CPU.ActiveCfg = Release|Any CPU
		{C92736B8-0980-4AE6-B0D0-67BFC9BD1C32}.Release|Any CPU.Build.0 = Release|Any CPU
	EndGlobalSection
	GlobalSection(NestedProjects) = preSolution
		{573A56A4-9690-4926-9D88-EBE0FF862065} = {D6BB768D-FC1B-4548-9FE4-C27ACE634DB4}
		{FACD1D49-C3E7-4C21-9731-C9764FB93FD1} = {D6BB768D-FC1B-4548-9FE4-C27ACE634DB4}
		{C92736B8-0980-4AE6-B0D0-67BFC9BD1C32} = {238FC96B-CE46-4D86-827F-04542F42CF80}
	EndGlobalSection
EndGlobal
